Microsoft Visual Studio Solution File, Format Version 12.00
# Visual Studio Version 17
VisualStudioVersion = 17.5.2.0
MinimumVisualStudioVersion = 10.0.40219.1
Project("{2150E333-8FDC-42A3-9474-1A3956D46DE8}") = "BE", "BE", "{925EF7A6-BD2D-FD16-DA9B-B4A434F89C38}"
EndProject
Project("{FAE04EC0-301F-11D3-BF4B-00C04F79EFBC}") = "ECommerceAPI", "BE\ECommerceAPI\ECommerceAPI.csproj", "{9355CDA6-A153-F12C-E1BA-FD1CCAB5D49D}"
EndProject
Global
	GlobalSection(SolutionConfigurationPlatforms) = preSolution
		Debug|Any CPU = Debug|Any CPU
		Release|Any CPU = Release|Any CPU
	EndGlobalSection
	GlobalSection(ProjectConfigurationPlatforms) = postSolution
		{9355CDA6-A153-F12C-E1BA-FD1CCAB5D49D}.Debug|Any CPU.ActiveCfg = Debug|Any CPU
		{9355CDA6-A153-F12C-E1BA-FD1CCAB5D49D}.Debug|Any CPU.Build.0 = Debug|Any CPU
		{9355CDA6-A153-F12C-E1BA-FD1CCAB5D49D}.Release|Any CPU.ActiveCfg = Release|Any CPU
		{9355CDA6-A153-F12C-E1BA-FD1CCAB5D49D}.Release|Any CPU.Build.0 = Release|Any CPU
	EndGlobalSection
	GlobalSection(SolutionProperties) = preSolution
		HideSolutionNode = FALSE
	EndGlobalSection
	GlobalSection(NestedProjects) = preSolution
		{9355CDA6-A153-F12C-E1BA-FD1CCAB5D49D} = {925EF7A6-BD2D-FD16-DA9B-B4A434F89C38}
	EndGlobalSection
	GlobalSection(ExtensibilityGlobals) = postSolution
		SolutionGuid = {26600611-F9BB-4480-9543-423772D34207}
	EndGlobalSection
EndGlobal
